
Microsoft Visual Studio Solution File, Format Version 12.00
# Visual Studio Version 17
VisualStudioVersion = 17.8.34525.116
MinimumVisualStudioVersion = 10.0.40219.1
Project("{9A19103F-16F7-4668-BE54-9A1E7A4F7556}") = "Cards", "Cards\Cards.csproj", "{21D34C87-FF3B-4BD2-BC3E-8D65441BC6B8}"
EndProject
Project("{FAE04EC0-301F-11D3-BF4B-00C04F79EFBC}") = "DBL", "DBL\DBL.csproj", "{DF28330F-3A36-43BC-8979-FA1043D9E706}"
EndProject
Global
	GlobalSection(SolutionConfigurationPlatforms) = preSolution
		Debug|Any CPU = Debug|Any CPU
		Release|Any CPU = Release|Any CPU
	EndGlobalSection
	GlobalSection(ProjectConfigurationPlatforms) = postSolution
		{21D34C87-FF3B-4BD2-BC3E-8D65441BC6B8}.Debug|Any CPU.ActiveCfg = Debug|Any CPU
		{21D34C87-FF3B-4BD2-BC3E-8D65441BC6B8}.Debug|Any CPU.Build.0 = Debug|Any CPU
		{21D34C87-FF3B-4BD2-BC3E-8D65441BC6B8}.Release|Any CPU.ActiveCfg = Release|Any CPU
		{21D34C87-FF3B-4BD2-BC3E-8D65441BC6B8}.Release|Any CPU.Build.0 = Release|Any CPU
		{DF28330F-3A36-43BC-8979-FA1043D9E706}.Debug|Any CPU.ActiveCfg = Debug|Any CPU
		{DF28330F-3A36-43BC-8979-FA1043D9E706}.Debug|Any CPU.Build.0 = Debug|Any CPU
		{DF28330F-3A36-43BC-8979-FA1043D9E706}.Release|Any CPU.ActiveCfg = Release|Any CPU
		{DF28330F-3A36-43BC-8979-FA1043D9E706}.Release|Any CPU.Build.0 = Release|Any CPU
	EndGlobalSection
	GlobalSection(SolutionProperties) = preSolution
		HideSolutionNode = FALSE
	EndGlobalSection
	GlobalSection(ExtensibilityGlobals) = postSolution
		SolutionGuid = {37C24378-BF39-4668-8860-1BC564DE89D4}
	EndGlobalSection
EndGlobal
